PODS:
  - Capacitor (6.2.2):
    - CapacitorCordova
  - CapacitorCordova (6.2.2)
  - CapacitorLocalNotifications (6.1.3):
    - Capacitor
  - PerfoodCapacitorHealthkit (1.3.2):
    - Capacitor
  - PurchasesHybridCommon (16.1.0):
    - RevenueCat (= 5.33.1)
  - RevenueCat (5.33.1)
  - RevenuecatPurchasesCapacitor (11.1.0):
    - Capacitor
    - PurchasesHybridCommon (= 16.1.0)

DEPENDENCIES:
  - "Capacitor (from `../../node_modules/@capacitor/ios`)"
  - "CapacitorCordova (from `../../node_modules/@capacitor/ios`)"
  - "CapacitorLocalNotifications (from `../../node_modules/@capacitor/local-notifications`)"
  - "PerfoodCapacitorHealthkit (from `../../node_modules/@perfood/capacitor-healthkit`)"
  - "RevenuecatPurchasesCapacitor (from `../../node_modules/@revenuecat/purchases-capacitor`)"

SPEC REPOS:
  trunk:
    - PurchasesHybridCommon
    - RevenueCat

EXTERNAL SOURCES:
  Capacitor:
    :path: "../../node_modules/@capacitor/ios"
  CapacitorCordova:
    :path: "../../node_modules/@capacitor/ios"
  CapacitorLocalNotifications:
    :path: "../../node_modules/@capacitor/local-notifications"
  PerfoodCapacitorHealthkit:
    :path: "../../node_modules/@perfood/capacitor-healthkit"
  RevenuecatPurchasesCapacitor:
    :path: "../../node_modules/@revenuecat/purchases-capacitor"

SPEC CHECKSUMS:
  Capacitor: 6591a78b923b7e6dde28506ffeea820356e68013
  CapacitorCordova: c2c76283b5c00cf6073bab0b1311e3b10bd17254
  CapacitorLocalNotifications: 801867e687c42dd2b33c1e22e08f48e6738d2f72
  PerfoodCapacitorHealthkit: 0708728954308c0217daa6912deeb73df7cba050
  PurchasesHybridCommon: acbd336f8248da5599893ecf9ac32c561a2fd446
  RevenueCat: b0ed01125b05a45b8264a2951ad68acb61942038
  RevenuecatPurchasesCapacitor: 554b5d4711cac8df01feed6333b075296b5d9082

PODFILE CHECKSUM: 09bb8a8487006f483fa15b5a91056842197d06ca

COCOAPODS: 1.16.2
